
Microsoft Visual Studio Solution File, Format Version 12.00
# Visual Studio Version 17
VisualStudioVersion = 17.0.31903.59
MinimumVisualStudioVersion = 10.0.40219.1
Project("{2150E333-8FDC-42A3-9474-1A3956D46DE8}") = "src", "src", "{A7DABB35-8103-4C62-AF83-3B88F826096D}"
EndProject
Project("{2150E333-8FDC-42A3-9474-1A3956D46DE8}") = "Franchises", "Franchises", "{67E18EDD-6549-41B6-BB77-2E20048D2A05}"
EndProject
Project("{2150E333-8FDC-42A3-9474-1A3956D46DE8}") = "Products", "Products", "{C5035008-F614-4140-A5EA-C65DEE431EB1}"
EndProject
Project("{2150E333-8FDC-42A3-9474-1A3956D46DE8}") = "Clients", "Clients", "{7FEB4D1A-62D8-4EE2-8E1A-1825AC45550B}"
EndProject
Project("{2150E333-8FDC-42A3-9474-1A3956D46DE8}") = "Employees", "Employees", "{867D9E7C-8AE1-498C-ABD1-38F7DB4541E0}"
EndProject
Project("{FAE04EC0-301F-11D3-BF4B-00C04F79EFBC}") = "Franchises.UI", "Franchises.UI\Franchises.UI.csproj", "{C8B89D39-E2E2-4AAE-9142-D7918CE8319B}"
EndProject
Project("{FAE04EC0-301F-11D3-BF4B-00C04F79EFBC}") = "Employees.UI", "Employees.UI\Employees.UI.csproj", "{8A784677-34EA-4454-8C3B-F57760FB85A9}"
EndProject
Project("{FAE04EC0-301F-11D3-BF4B-00C04F79EFBC}") = "Clients.UI", "Clients.UI\Clients.UI.csproj", "{EF6A840F-375C-4C55-8DF4-2F2D1FAEEEB5}"
EndProject
Project("{FAE04EC0-301F-11D3-BF4B-00C04F79EFBC}") = "Products.UI", "Products.UI\Products.UI.csproj", "{78781275-25E5-44DD-AAA3-279FD07EA876}"
EndProject
Project("{2150E333-8FDC-42A3-9474-1A3956D46DE8}") = "ApiGateway", "ApiGateway", "{55BEEA66-1BCF-4145-AEE3-FD6E1DEF3CC5}"
EndProject
Project("{FAE04EC0-301F-11D3-BF4B-00C04F79EFBC}") = "ApiGateway.UI", "ApiGateway.UI\ApiGateway.UI.csproj", "{AEB41A9D-6D76-49B4-B6DB-4C0F7DC5C8F4}"
EndProject
Project("{E53339B2-1760-4266-BCC7-CA923CBCF16C}") = "docker-compose", "docker-compose.dcproj", "{532CBC5D-AB59-4F95-8644-1A4138571054}"
EndProject
Global
	GlobalSection(SolutionConfigurationPlatforms) = preSolution
		Debug|Any CPU = Debug|Any CPU
		Release|Any CPU = Release|Any CPU
	EndGlobalSection
	GlobalSection(ProjectConfigurationPlatforms) = postSolution
		{C8B89D39-E2E2-4AAE-9142-D7918CE8319B}.Debug|Any CPU.ActiveCfg = Debug|Any CPU
		{C8B89D39-E2E2-4AAE-9142-D7918CE8319B}.Debug|Any CPU.Build.0 = Debug|Any CPU
		{C8B89D39-E2E2-4AAE-9142-D7918CE8319B}.Release|Any CPU.ActiveCfg = Release|Any CPU
		{C8B89D39-E2E2-4AAE-9142-D7918CE8319B}.Release|Any CPU.Build.0 = Release|Any CPU
		{8A784677-34EA-4454-8C3B-F57760FB85A9}.Debug|Any CPU.ActiveCfg = Debug|Any CPU
		{8A784677-34EA-4454-8C3B-F57760FB85A9}.Debug|Any CPU.Build.0 = Debug|Any CPU
		{8A784677-34EA-4454-8C3B-F57760FB85A9}.Release|Any CPU.ActiveCfg = Release|Any CPU
		{8A784677-34EA-4454-8C3B-F57760FB85A9}.Release|Any CPU.Build.0 = Release|Any CPU
		{EF6A840F-375C-4C55-8DF4-2F2D1FAEEEB5}.Debug|Any CPU.ActiveCfg = Debug|Any CPU
		{EF6A840F-375C-4C55-8DF4-2F2D1FAEEEB5}.Debug|Any CPU.Build.0 = Debug|Any CPU
		{EF6A840F-375C-4C55-8DF4-2F2D1FAEEEB5}.Release|Any CPU.ActiveCfg = Release|Any CPU
		{EF6A840F-375C-4C55-8DF4-2F2D1FAEEEB5}.Release|Any CPU.Build.0 = Release|Any CPU
		{78781275-25E5-44DD-AAA3-279FD07EA876}.Debug|Any CPU.ActiveCfg = Debug|Any CPU
		{78781275-25E5-44DD-AAA3-279FD07EA876}.Debug|Any CPU.Build.0 = Debug|Any CPU
		{78781275-25E5-44DD-AAA3-279FD07EA876}.Release|Any CPU.ActiveCfg = Release|Any CPU
		{78781275-25E5-44DD-AAA3-279FD07EA876}.Release|Any CPU.Build.0 = Release|Any CPU
		{AEB41A9D-6D76-49B4-B6DB-4C0F7DC5C8F4}.Debug|Any CPU.ActiveCfg = Debug|Any CPU
		{AEB41A9D-6D76-49B4-B6DB-4C0F7DC5C8F4}.Debug|Any CPU.Build.0 = Debug|Any CPU
		{AEB41A9D-6D76-49B4-B6DB-4C0F7DC5C8F4}.Release|Any CPU.ActiveCfg = Release|Any CPU
		{AEB41A9D-6D76-49B4-B6DB-4C0F7DC5C8F4}.Release|Any CPU.Build.0 = Release|Any CPU
		{532CBC5D-AB59-4F95-8644-1A4138571054}.Debug|Any CPU.ActiveCfg = Debug|Any CPU
		{532CBC5D-AB59-4F95-8644-1A4138571054}.Debug|Any CPU.Build.0 = Debug|Any CPU
		{532CBC5D-AB59-4F95-8644-1A4138571054}.Release|Any CPU.ActiveCfg = Release|Any CPU
		{532CBC5D-AB59-4F95-8644-1A4138571054}.Release|Any CPU.Build.0 = Release|Any CPU
	EndGlobalSection
	GlobalSection(SolutionProperties) = preSolution
		HideSolutionNode = FALSE
	EndGlobalSection
	GlobalSection(NestedProjects) = preSolution
		{67E18EDD-6549-41B6-BB77-2E20048D2A05} = {A7DABB35-8103-4C62-AF83-3B88F826096D}
		{C5035008-F614-4140-A5EA-C65DEE431EB1} = {A7DABB35-8103-4C62-AF83-3B88F826096D}
		{7FEB4D1A-62D8-4EE2-8E1A-1825AC45550B} = {A7DABB35-8103-4C62-AF83-3B88F826096D}
		{867D9E7C-8AE1-498C-ABD1-38F7DB4541E0} = {A7DABB35-8103-4C62-AF83-3B88F826096D}
		{C8B89D39-E2E2-4AAE-9142-D7918CE8319B} = {67E18EDD-6549-41B6-BB77-2E20048D2A05}
		{8A784677-34EA-4454-8C3B-F57760FB85A9} = {867D9E7C-8AE1-498C-ABD1-38F7DB4541E0}
		{EF6A840F-375C-4C55-8DF4-2F2D1FAEEEB5} = {7FEB4D1A-62D8-4EE2-8E1A-1825AC45550B}
		{78781275-25E5-44DD-AAA3-279FD07EA876} = {C5035008-F614-4140-A5EA-C65DEE431EB1}
		{55BEEA66-1BCF-4145-AEE3-FD6E1DEF3CC5} = {A7DABB35-8103-4C62-AF83-3B88F826096D}
		{AEB41A9D-6D76-49B4-B6DB-4C0F7DC5C8F4} = {55BEEA66-1BCF-4145-AEE3-FD6E1DEF3CC5}
	EndGlobalSection
	GlobalSection(ExtensibilityGlobals) = postSolution
		SolutionGuid = {D9643DCC-1DCF-484D-95ED-6636610F7781}
	EndGlobalSection
EndGlobal
